
Microsoft Visual Studio Solution File, Format Version 12.00
# Visual Studio Version 16
VisualStudioVersion = 16.0.30114.105
MinimumVisualStudioVersion = 10.0.40219.1
Project("{8BC9CEB8-8B4A-11D0-8D11-00A0C91BC942}") = "example_GPGPU", "example_GPGPU\example_GPGPU.vcxproj", "{E8E2A564-19D2-4B02-BDBA-B5CF292D31A0}"
EndProject
Global
	GlobalSection(SolutionConfigurationPlatforms) = preSolution
		Debug|x64 = Debug|x64
		Debug|x86 = Debug|x86
		Release|x64 = Release|x64
		Release|x86 = Release|x86
	EndGlobalSection
	GlobalSection(ProjectConfigurationPlatforms) = postSolution
		{E8E2A564-19D2-4B02-BDBA-B5CF292D31A0}.Debug|x64.ActiveCfg = Debug|x64
		{E8E2A564-19D2-4B02-BDBA-B5CF292D31A0}.Debug|x64.Build.0 = Debug|x64
		{E8E2A564-19D2-4B02-BDBA-B5CF292D31A0}.Debug|x86.ActiveCfg = Debug|Win32
		{E8E2A564-19D2-4B02-BDBA-B5CF292D31A0}.Debug|x86.Build.0 = Debug|Win32
		{E8E2A564-19D2-4B02-BDBA-B5CF292D31A0}.Release|x64.ActiveCfg = Release|x64
		{E8E2A564-19D2-4B02-BDBA-B5CF292D31A0}.Release|x64.Build.0 = Release|x64
		{E8E2A564-19D2-4B02-BDBA-B5CF292D31A0}.Release|x86.ActiveCfg = Release|Win32
		{E8E2A564-19D2-4B02-BDBA-B5CF292D31A0}.Release|x86.Build.0 = Release|Win32
	EndGlobalSection
	GlobalSection(SolutionProperties) = preSolution
		HideSolutionNode = FALSE
	EndGlobalSection
	GlobalSection(ExtensibilityGlobals) = postSolution
		SolutionGuid = {BD192570-37D4-4C59-8492-5D4ECA98B02F}
	EndGlobalSection
EndGlobal
